// !$*UTF8*$!
{
	archiveVersion = 1;
	classes = {
	};
	objectVersion = 56;
	objects = {

/* Begin PBXBuildFile section */
		8A5AF3042979EB1600C356E9 /* README.md in Resources */ = {isa = PBXBuildFile; fileRef = 8A5AF3032979EB1600C356E9 /* README.md */; };
		8A98A1022969D52E0089442E /* alternativeIcons_MultisizeApp.swift in Sources */ = {isa = PBXBuildFile; fileRef = 8A98A1012969D52E0089442E /* alternativeIcons_MultisizeApp.swift */; };
		8A98A1042969D52E0089442E /* ContentView.swift in Sources */ = {isa = PBXBuildFile; fileRef = 8A98A1032969D52E0089442E /* ContentView.swift */; };
		8A98A1062969D52F0089442E /* Assets.xcassets in Resources */ = {isa = PBXBuildFile; fileRef = 8A98A1052969D52F0089442E /* Assets.xcassets */; };
		8A98A1092969D52F0089442E /* Preview Assets.xcassets in Resources */ = {isa = PBXBuildFile; fileRef = 8A98A1082969D52F0089442E /* Preview Assets.xcassets */; };
		8A98A1152969D6CB0089442E /* A@3x.png in Resources */ = {isa = PBXBuildFile; fileRef = 8A98A1132969D6CB0089442E /* A@3x.png */; };
		8A98A1162969D6CB0089442E /* A@2x.png in Resources */ = {isa = PBXBuildFile; fileRef = 8A98A1142969D6CB0089442E /* A@2x.png */; };
		8A98A1192969D6E90089442E /* B@3x.png in Resources */ = {isa = PBXBuildFile; fileRef = 8A98A1172969D6E90089442E /* B@3x.png */; };
		8A98A11A2969D6E90089442E /* B@2x.png in Resources */ = {isa = PBXBuildFile; fileRef = 8A98A1182969D6E90089442E /* B@2x.png */; };
		8A98A11D2969D6F30089442E /* C@2x.png in Resources */ = {isa = PBXBuildFile; fileRef = 8A98A11B2969D6F30089442E /* C@2x.png */; };
		8A98A11E2969D6F30089442E /* C@3x.png in Resources */ = {isa = PBXBuildFile; fileRef = 8A98A11C2969D6F30089442E /* C@3x.png */; };
		8A98A1212969D7360089442E /* C-iPad@2x.png in Resources */ = {isa = PBXBuildFile; fileRef = 8A98A11F2969D7360089442E /* C-iPad@2x.png */; };
		8A98A1222969D7360089442E /* C-iPad.png in Resources */ = {isa = PBXBuildFile; fileRef = 8A98A1202969D7360089442E /* C-iPad.png */; };
		8A98A1242969D7570089442E /* C-iPadPro@2x.png in Resources */ = {isa = PBXBuildFile; fileRef = 8A98A1232969D7570089442E /* C-iPadPro@2x.png */; };
		8A98A1282969D7640089442E /* B-iPadPro@2x.png in Resources */ = {isa = PBXBuildFile; fileRef = 8A98A1252969D7640089442E /* B-iPadPro@2x.png */; };
		8A98A1292969D7640089442E /* B-iPad@2x.png in Resources */ = {isa = PBXBuildFile; fileRef = 8A98A1262969D7640089442E /* B-iPad@2x.png */; };
		8A98A12A2969D7640089442E /* B-iPad.png in Resources */ = {isa = PBXBuildFile; fileRef = 8A98A1272969D7640089442E /* B-iPad.png */; };
		8A98A12E2969D7700089442E /* A-iPad@2x.png in Resources */ = {isa = PBXBuildFile; fileRef = 8A98A12B2969D7700089442E /* A-iPad@2x.png */; };
		8A98A12F2969D7700089442E /* A-iPad.png in Resources */ = {isa = PBXBuildFile; fileRef = 8A98A12C2969D7700089442E /* A-iPad.png */; };
		8A98A1302969D7700089442E /* A-iPadPro@2x.png in Resources */ = {isa = PBXBuildFile; fileRef = 8A98A12D2969D7700089442E /* A-iPadPro@2x.png */; };
		8A98A1342969D92A0089442E /* LogoClient.swift in Sources */ = {isa = PBXBuildFile; fileRef = 8A98A1332969D92A0089442E /* LogoClient.swift */; };
		8A98A1362969D97B0089442E /* LogoClient+Live.swift in Sources */ = {isa = PBXBuildFile; fileRef = 8A98A1352969D97B0089442E /* LogoClient+Live.swift */; };
		8A98A1382969DA3C0089442E /* LogoClient+Mocks.swift in Sources */ = {isa = PBXBuildFile; fileRef = 8A98A1372969DA3C0089442E /* LogoClient+Mocks.swift */; };
/* End PBXBuildFile section */

/* Begin PBXFileReference section */
		8A5AF3032979EB1600C356E9 /* README.md */ = {isa = PBXFileReference; fileEncoding = 4; lastKnownFileType = net.daringfireball.markdown; path = README.md; sourceTree = "<group>"; };
		8A98A0FE2969D52E0089442E /* alternativeIcons-Multisize.app */ = {isa = PBXFileReference; explicitFileType = wrapper.application; includeInIndex = 0; path = "alternativeIcons-Multisize.app"; sourceTree = BUILT_PRODUCTS_DIR; };
		8A98A1012969D52E0089442E /* alternativeIcons_MultisizeApp.swift */ = {isa = PBXFileReference; lastKnownFileType = sourcecode.swift; path = alternativeIcons_MultisizeApp.swift; sourceTree = "<group>"; };
		8A98A1032969D52E0089442E /* ContentView.swift */ = {isa = PBXFileReference; lastKnownFileType = sourcecode.swift; path = ContentView.swift; sourceTree = "<group>"; };
		8A98A1052969D52F0089442E /* Assets.xcassets */ = {isa = PBXFileReference; lastKnownFileType = folder.assetcatalog; path = Assets.xcassets; sourceTree = "<group>"; };
		8A98A1082969D52F0089442E /* Preview Assets.xcassets */ = {isa = PBXFileReference; lastKnownFileType = folder.assetcatalog; path = "Preview Assets.xcassets"; sourceTree = "<group>"; };
		8A98A1132969D6CB0089442E /* A@3x.png */ = {isa = PBXFileReference; lastKnownFileType = image.png; path = "A@3x.png"; sourceTree = "<group>"; };
		8A98A1142969D6CB0089442E /* A@2x.png */ = {isa = PBXFileReference; lastKnownFileType = image.png; path = "A@2x.png"; sourceTree = "<group>"; };
		8A98A1172969D6E90089442E /* B@3x.png */ = {isa = PBXFileReference; lastKnownFileType = image.png; path = "B@3x.png"; sourceTree = "<group>"; };
		8A98A1182969D6E90089442E /* B@2x.png */ = {isa = PBXFileReference; lastKnownFileType = image.png; path = "B@2x.png"; sourceTree = "<group>"; };
		8A98A11B2969D6F30089442E /* C@2x.png */ = {isa = PBXFileReference; lastKnownFileType = image.png; path = "C@2x.png"; sourceTree = "<group>"; };
		8A98A11C2969D6F30089442E /* C@3x.png */ = {isa = PBXFileReference; lastKnownFileType = image.png; path = "C@3x.png"; sourceTree = "<group>"; };
		8A98A11F2969D7360089442E /* C-iPad@2x.png */ = {isa = PBXFileReference; lastKnownFileType = image.png; path = "C-iPad@2x.png"; sourceTree = "<group>"; };
		8A98A1202969D7360089442E /* C-iPad.png */ = {isa = PBXFileReference; lastKnownFileType = image.png; path = "C-iPad.png"; sourceTree = "<group>"; };
		8A98A1232969D7570089442E /* C-iPadPro@2x.png */ = {isa = PBXFileReference; lastKnownFileType = image.png; path = "C-iPadPro@2x.png"; sourceTree = "<group>"; };
		8A98A1252969D7640089442E /* B-iPadPro@2x.png */ = {isa = PBXFileReference; lastKnownFileType = image.png; path = "B-iPadPro@2x.png"; sourceTree = "<group>"; };
		8A98A1262969D7640089442E /* B-iPad@2x.png */ = {isa = PBXFileReference; lastKnownFileType = image.png; path = "B-iPad@2x.png"; sourceTree = "<group>"; };
		8A98A1272969D7640089442E /* B-iPad.png */ = {isa = PBXFileReference; lastKnownFileType = image.png; path = "B-iPad.png"; sourceTree = "<group>"; };
		8A98A12B2969D7700089442E /* A-iPad@2x.png */ = {isa = PBXFileReference; lastKnownFileType = image.png; path = "A-iPad@2x.png"; sourceTree = "<group>"; };
		8A98A12C2969D7700089442E /* A-iPad.png */ = {isa = PBXFileReference; lastKnownFileType = image.png; path = "A-iPad.png"; sourceTree = "<group>"; };
		8A98A12D2969D7700089442E /* A-iPadPro@2x.png */ = {isa = PBXFileReference; lastKnownFileType = image.png; path = "A-iPadPro@2x.png"; sourceTree = "<group>"; };
		8A98A1312969D80A0089442E /* Info.plist */ = {isa = PBXFileReference; lastKnownFileType = text.plist; path = Info.plist; sourceTree = "<group>"; };
		8A98A1332969D92A0089442E /* LogoClient.swift */ = {isa = PBXFileReference; lastKnownFileType = sourcecode.swift; path = LogoClient.swift; sourceTree = "<group>"; };
		8A98A1352969D97B0089442E /* LogoClient+Live.swift */ = {isa = PBXFileReference; lastKnownFileType = sourcecode.swift; path = "LogoClient+Live.swift"; sourceTree = "<group>"; };
		8A98A1372969DA3C0089442E /* LogoClient+Mocks.swift */ = {isa = PBXFileReference; lastKnownFileType = sourcecode.swift; path = "LogoClient+Mocks.swift"; sourceTree = "<group>"; };
/* End PBXFileReference section */

/* Begin PBXFrameworksBuildPhase section */
		8A98A0FB2969D52E0089442E /* Frameworks */ = {
			isa = PBXFrameworksBuildPhase;
			buildActionMask = 2147483647;
			files = (
			);
			runOnlyForDeploymentPostprocessing = 0;
		};
/* End PBXFrameworksBuildPhase section */

/* Begin PBXGroup section */
		8A98A0F52969D52E0089442E = {
			isa = PBXGroup;
			children = (
				8A5AF3032979EB1600C356E9 /* README.md */,
				8A98A1002969D52E0089442E /* alternativeIcons-Multisize */,
				8A98A0FF2969D52E0089442E /* Products */,
			);
			sourceTree = "<group>";
		};
		8A98A0FF2969D52E0089442E /* Products */ = {
			isa = PBXGroup;
			children = (
				8A98A0FE2969D52E0089442E /* alternativeIcons-Multisize.app */,
			);
			name = Products;
			sourceTree = "<group>";
		};
		8A98A1002969D52E0089442E /* alternativeIcons-Multisize */ = {
			isa = PBXGroup;
			children = (
				8A98A1322969D9220089442E /* LogoClient */,
				8A98A1312969D80A0089442E /* Info.plist */,
				8A98A10F2969D6860089442E /* AppIcons */,
				8A98A1012969D52E0089442E /* alternativeIcons_MultisizeApp.swift */,
				8A98A1032969D52E0089442E /* ContentView.swift */,
				8A98A1052969D52F0089442E /* Assets.xcassets */,
				8A98A1072969D52F0089442E /* Preview Content */,
			);
			path = "alternativeIcons-Multisize";
			sourceTree = "<group>";
		};
		8A98A1072969D52F0089442E /* Preview Content */ = {
			isa = PBXGroup;
			children = (
				8A98A1082969D52F0089442E /* Preview Assets.xcassets */,
			);
			path = "Preview Content";
			sourceTree = "<group>";
		};
		8A98A10F2969D6860089442E /* AppIcons */ = {
			isa = PBXGroup;
			children = (
				8A98A1122969D6950089442E /* C */,
				8A98A1112969D6920089442E /* B */,
				8A98A1102969D68F0089442E /* A */,
			);
			path = AppIcons;
			sourceTree = "<group>";
		};
		8A98A1102969D68F0089442E /* A */ = {
			isa = PBXGroup;
			children = (
				8A98A12C2969D7700089442E /* A-iPad.png */,
				8A98A12B2969D7700089442E /* A-iPad@2x.png */,
				8A98A12D2969D7700089442E /* A-iPadPro@2x.png */,
				8A98A1142969D6CB0089442E /* A@2x.png */,
				8A98A1132969D6CB0089442E /* A@3x.png */,
			);
			path = A;
			sourceTree = "<group>";
		};
		8A98A1112969D6920089442E /* B */ = {
			isa = PBXGroup;
			children = (
				8A98A1272969D7640089442E /* B-iPad.png */,
				8A98A1262969D7640089442E /* B-iPad@2x.png */,
				8A98A1252969D7640089442E /* B-iPadPro@2x.png */,
				8A98A1182969D6E90089442E /* B@2x.png */,
				8A98A1172969D6E90089442E /* B@3x.png */,
			);
			path = B;
			sourceTree = "<group>";
		};
		8A98A1122969D6950089442E /* C */ = {
			isa = PBXGroup;
			children = (
				8A98A1232969D7570089442E /* C-iPadPro@2x.png */,
				8A98A1202969D7360089442E /* C-iPad.png */,
				8A98A11F2969D7360089442E /* C-iPad@2x.png */,
				8A98A11B2969D6F30089442E /* C@2x.png */,
				8A98A11C2969D6F30089442E /* C@3x.png */,
			);
			path = C;
			sourceTree = "<group>";
		};
		8A98A1322969D9220089442E /* LogoClient */ = {
			isa = PBXGroup;
			children = (
				8A98A1332969D92A0089442E /* LogoClient.swift */,
				8A98A1352969D97B0089442E /* LogoClient+Live.swift */,
				8A98A1372969DA3C0089442E /* LogoClient+Mocks.swift */,
			);
			path = LogoClient;
			sourceTree = "<group>";
		};
/* End PBXGroup section */

/* Begin PBXNativeTarget section */
		8A98A0FD2969D52E0089442E /* alternativeIcons-Multisize */ = {
			isa = PBXNativeTarget;
			buildConfigurationList = 8A98A10C2969D52F0089442E /* Build configuration list for PBXNativeTarget "alternativeIcons-Multisize" */;
			buildPhases = (
				8A98A0FA2969D52E0089442E /* Sources */,
				8A98A0FB2969D52E0089442E /* Frameworks */,
				8A98A0FC2969D52E0089442E /* Resources */,
			);
			buildRules = (
			);
			dependencies = (
			);
			name = "alternativeIcons-Multisize";
			productName = "alternativeIcons-Multisize";
			productReference = 8A98A0FE2969D52E0089442E /* alternativeIcons-Multisize.app */;
			productType = "com.apple.product-type.application";
		};
/* End PBXNativeTarget section */

/* Begin PBXProject section */
		8A98A0F62969D52E0089442E /* Project object */ = {
			isa = PBXProject;
			attributes = {
				BuildIndependentTargetsInParallel = 1;
				LastSwiftUpdateCheck = 1420;
				LastUpgradeCheck = 1420;
				TargetAttributes = {
					8A98A0FD2969D52E0089442E = {
						CreatedOnToolsVersion = 14.2;
					};
				};
			};
			buildConfigurationList = 8A98A0F92969D52E0089442E /* Build configuration list for PBXProject "alternativeIcons-Multisize" */;
			compatibilityVersion = "Xcode 14.0";
			developmentRegion = en;
			hasScannedForEncodings = 0;
			knownRegions = (
				en,
				Base,
			);
			mainGroup = 8A98A0F52969D52E0089442E;
			productRefGroup = 8A98A0FF2969D52E0089442E /* Products */;
			projectDirPath = "";
			projectRoot = "";
			targets = (
				8A98A0FD2969D52E0089442E /* alternativeIcons-Multisize */,
			);
		};
/* End PBXProject section */

/* Begin PBXResourcesBuildPhase section */
		8A98A0FC2969D52E0089442E /* Resources */ = {
			isa = PBXResourcesBuildPhase;
			buildActionMask = 2147483647;
			files = (
				8A98A12E2969D7700089442E /* A-iPad@2x.png in Resources */,
				8A98A1162969D6CB0089442E /* A@2x.png in Resources */,
				8A98A11E2969D6F30089442E /* C@3x.png in Resources */,
				8A98A1092969D52F0089442E /* Preview Assets.xcassets in Resources */,
				8A98A1212969D7360089442E /* C-iPad@2x.png in Resources */,
				8A98A1242969D7570089442E /* C-iPadPro@2x.png in Resources */,
				8A5AF3042979EB1600C356E9 /* README.md in Resources */,
				8A98A11D2969D6F30089442E /* C@2x.png in Resources */,
				8A98A12F2969D7700089442E /* A-iPad.png in Resources */,
				8A98A1222969D7360089442E /* C-iPad.png in Resources */,
				8A98A1292969D7640089442E /* B-iPad@2x.png in Resources */,
				8A98A1282969D7640089442E /* B-iPadPro@2x.png in Resources */,
				8A98A12A2969D7640089442E /* B-iPad.png in Resources */,
				8A98A11A2969D6E90089442E /* B@2x.png in Resources */,
				8A98A1302969D7700089442E /* A-iPadPro@2x.png in Resources */,
				8A98A1192969D6E90089442E /* B@3x.png in Resources */,
				8A98A1062969D52F0089442E /* Assets.xcassets in Resources */,
				8A98A1152969D6CB0089442E /* A@3x.png in Resources */,
			);
			runOnlyForDeploymentPostprocessing = 0;
		};
/* End PBXResourcesBuildPhase section */

/* Begin PBXSourcesBuildPhase section */
		8A98A0FA2969D52E0089442E /* Sources */ = {
			isa = PBXSourcesBuildPhase;
			buildActionMask = 2147483647;
			files = (
				8A98A1042969D52E0089442E /* ContentView.swift in Sources */,
				8A98A1022969D52E0089442E /* alternativeIcons_MultisizeApp.swift in Sources */,
				8A98A1342969D92A0089442E /* LogoClient.swift in Sources */,
				8A98A1382969DA3C0089442E /* LogoClient+Mocks.swift in Sources */,
				8A98A1362969D97B0089442E /* LogoClient+Live.swift in Sources */,
			);
			runOnlyForDeploymentPostprocessing = 0;
		};
/* End PBXSourcesBuildPhase section */

/* Begin XCBuildConfiguration section */
		8A98A10A2969D52F0089442E /* Debug */ = {
			isa = XCBuildConfiguration;
			buildSettings = {
				ALWAYS_SEARCH_USER_PATHS = NO;
				CLANG_ANALYZER_NONNULL = YES;
				CLANG_ANALYZER_NUMBER_OBJECT_CONVERSION = YES_AGGRESSIVE;
				CLANG_CXX_LANGUAGE_STANDARD = "gnu++20";
				CLANG_ENABLE_MODULES = YES;
				CLANG_ENABLE_OBJC_ARC = YES;
				CLANG_ENABLE_OBJC_WEAK = YES;
				CLANG_WARN_BLOCK_CAPTURE_AUTORELEASING = YES;
				CLANG_WARN_BOOL_CONVERSION = YES;
				CLANG_WARN_COMMA = YES;
				CLANG_WARN_CONSTANT_CONVERSION = YES;
				CLANG_WARN_DEPRECATED_OBJC_IMPLEMENTATIONS = YES;
				CLANG_WARN_DIRECT_OBJC_ISA_USAGE = YES_ERROR;
				CLANG_WARN_DOCUMENTATION_COMMENTS = YES;
				CLANG_WARN_EMPTY_BODY = YES;
				CLANG_WARN_ENUM_CONVERSION = YES;
				CLANG_WARN_INFINITE_RECURSION = YES;
				CLANG_WARN_INT_CONVERSION = YES;
				CLANG_WARN_NON_LITERAL_NULL_CONVERSION = YES;
				CLANG_WARN_OBJC_IMPLICIT_RETAIN_SELF = YES;
				CLANG_WARN_OBJC_LITERAL_CONVERSION = YES;
				CLANG_WARN_OBJC_ROOT_CLASS = YES_ERROR;
				CLANG_WARN_QUOTED_INCLUDE_IN_FRAMEWORK_HEADER = YES;
				CLANG_WARN_RANGE_LOOP_ANALYSIS = YES;
				CLANG_WARN_STRICT_PROTOTYPES = YES;
				CLANG_WARN_SUSPICIOUS_MOVE = YES;
				CLANG_WARN_UNGUARDED_AVAILABILITY = YES_AGGRESSIVE;
				CLANG_WARN_UNREACHABLE_CODE = YES;
				CLANG_WARN__DUPLICATE_METHOD_MATCH = YES;
				COPY_PHASE_STRIP = NO;
				DEBUG_INFORMATION_FORMAT = dwarf;
				ENABLE_STRICT_OBJC_MSGSEND = YES;
				ENABLE_TESTABILITY = YES;
				GCC_C_LANGUAGE_STANDARD = gnu11;
				GCC_DYNAMIC_NO_PIC = NO;
				GCC_NO_COMMON_BLOCKS = YES;
				GCC_OPTIMIZATION_LEVEL = 0;
				GCC_PREPROCESSOR_DEFINITIONS = (
					"DEBUG=1",
					"$(inherited)",
				);
				GCC_WARN_64_TO_32_BIT_CONVERSION = YES;
				GCC_WARN_ABOUT_RETURN_TYPE = YES_ERROR;
				GCC_WARN_UNDECLARED_SELECTOR = YES;
				GCC_WARN_UNINITIALIZED_AUTOS = YES_AGGRESSIVE;
				GCC_WARN_UNUSED_FUNCTION = YES;
				GCC_WARN_UNUSED_VARIABLE = YES;
				IPHONEOS_DEPLOYMENT_TARGET = 16.2;
				MTL_ENABLE_DEBUG_INFO = INCLUDE_SOURCE;
				MTL_FAST_MATH = YES;
				ONLY_ACTIVE_ARCH = YES;
				SDKROOT = iphoneos;
				SWIFT_ACTIVE_COMPILATION_CONDITIONS = DEBUG;
				SWIFT_OPTIMIZATION_LEVEL = "-Onone";
			};
			name = Debug;
		};
		8A98A10B2969D52F0089442E /* Release */ = {
			isa = XCBuildConfiguration;
			buildSettings = {
				ALWAYS_SEARCH_USER_PATHS = NO;
				CLANG_ANALYZER_NONNULL = YES;
				CLANG_ANALYZER_NUMBER_OBJECT_CONVERSION = YES_AGGRESSIVE;
				CLANG_CXX_LANGUAGE_STANDARD = "gnu++20";
				CLANG_ENABLE_MODULES = YES;
				CLANG_ENABLE_OBJC_ARC = YES;
				CLANG_ENABLE_OBJC_WEAK = YES;
				CLANG_WARN_BLOCK_CAPTURE_AUTORELEASING = YES;
				CLANG_WARN_BOOL_CONVERSION = YES;
				CLANG_WARN_COMMA = YES;
				CLANG_WARN_CONSTANT_CONVERSION = YES;
				CLANG_WARN_DEPRECATED_OBJC_IMPLEMENTATIONS = YES;
				CLANG_WARN_DIRECT_OBJC_ISA_USAGE = YES_ERROR;
				CLANG_WARN_DOCUMENTATION_COMMENTS = YES;
				CLANG_WARN_EMPTY_BODY = YES;
				CLANG_WARN_ENUM_CONVERSION = YES;
				CLANG_WARN_INFINITE_RECURSION = YES;
				CLANG_WARN_INT_CONVERSION = YES;
				CLANG_WARN_NON_LITERAL_NULL_CONVERSION = YES;
				CLANG_WARN_OBJC_IMPLICIT_RETAIN_SELF = YES;
				CLANG_WARN_OBJC_LITERAL_CONVERSION = YES;
				CLANG_WARN_OBJC_ROOT_CLASS = YES_ERROR;
				CLANG_WARN_QUOTED_INCLUDE_IN_FRAMEWORK_HEADER = YES;
				CLANG_WARN_RANGE_LOOP_ANALYSIS = YES;
				CLANG_WARN_STRICT_PROTOTYPES = YES;
				CLANG_WARN_SUSPICIOUS_MOVE = YES;
				CLANG_WARN_UNGUARDED_AVAILABILITY = YES_AGGRESSIVE;
				CLANG_WARN_UNREACHABLE_CODE = YES;
				CLANG_WARN__DUPLICATE_METHOD_MATCH = YES;
				COPY_PHASE_STRIP = NO;
				DEBUG_INFORMATION_FORMAT = "dwarf-with-dsym";
				ENABLE_NS_ASSERTIONS = NO;
				ENABLE_STRICT_OBJC_MSGSEND = YES;
				GCC_C_LANGUAGE_STANDARD = gnu11;
				GCC_NO_COMMON_BLOCKS = YES;
				GCC_WARN_64_TO_32_BIT_CONVERSION = YES;
				GCC_WARN_ABOUT_RETURN_TYPE = YES_ERROR;
				GCC_WARN_UNDECLARED_SELECTOR = YES;
				GCC_WARN_UNINITIALIZED_AUTOS = YES_AGGRESSIVE;
				GCC_WARN_UNUSED_FUNCTION = YES;
				GCC_WARN_UNUSED_VARIABLE = YES;
				IPHONEOS_DEPLOYMENT_TARGET = 16.2;
				MTL_ENABLE_DEBUG_INFO = NO;
				MTL_FAST_MATH = YES;
				SDKROOT = iphoneos;
				SWIFT_COMPILATION_MODE = wholemodule;
				SWIFT_OPTIMIZATION_LEVEL = "-O";
				VALIDATE_PRODUCT = YES;
			};
			name = Release;
		};
		8A98A10D2969D52F0089442E /* Debug */ = {
			isa = XCBuildConfiguration;
			buildSettings = {
				ASSETCATALOG_COMPILER_APPICON_NAME = AppIcon;
				ASSETCATALOG_COMPILER_GLOBAL_ACCENT_COLOR_NAME = AccentColor;
				CODE_SIGN_STYLE = Automatic;
				CURRENT_PROJECT_VERSION = 1;
				DEVELOPMENT_ASSET_PATHS = "\"alternativeIcons-Multisize/Preview Content\"";
				ENABLE_PREVIEWS = YES;
				GENERATE_INFOPLIST_FILE = YES;
				INFOPLIST_FILE = "alternativeIcons-Multisize/Info.plist";
				INFOPLIST_KEY_UIApplicationSceneManifest_Generation = YES;
				INFOPLIST_KEY_UIApplicationSupportsIndirectInputEvents = YES;
				INFOPLIST_KEY_UILaunchScreen_Generation = YES;
				INFOPLIST_KEY_UISupportedInterfaceOrientations_iPad = "UIInterfaceOrientationPortrait UIInterfaceOrientationPortraitUpsideDown UIInterfaceOrientationLandscapeLeft UIInterfaceOrientationLandscapeRight";
				INFOPLIST_KEY_UISupportedInterfaceOrientations_iPhone = "UIInterfaceOrientationPortrait UIInterfaceOrientationLandscapeLeft UIInterfaceOrientationLandscapeRight";
				LD_RUNPATH_SEARCH_PATHS = (
					"$(inherited)",
					"@executable_path/Frameworks",
				);
				MARKETING_VERSION = 1.0;
				PRODUCT_BUNDLE_IDENTIFIER = "peteralt.alternativeIcons-Multisize";
				PRODUCT_NAME = "$(TARGET_NAME)";
				SWIFT_EMIT_LOC_STRINGS = YES;
				SWIFT_VERSION = 5.0;
				TARGETED_DEVICE_FAMILY = "1,2";
			};
			name = Debug;
		};
		8A98A10E2969D52F0089442E /* Release */ = {
			isa = XCBuildConfiguration;
			buildSettings = {
				ASSETCATALOG_COMPILER_APPICON_NAME = AppIcon;
				ASSETCATALOG_COMPILER_GLOBAL_ACCENT_COLOR_NAME = AccentColor;
				CODE_SIGN_STYLE = Automatic;
				CURRENT_PROJECT_VERSION = 1;
				DEVELOPMENT_ASSET_PATHS = "\"alternativeIcons-Multisize/Preview Content\"";
				ENABLE_PREVIEWS = YES;
				GENERATE_INFOPLIST_FILE = YES;
				INFOPLIST_FILE = "alternativeIcons-Multisize/Info.plist";
				INFOPLIST_KEY_UIApplicationSceneManifest_Generation = YES;
				INFOPLIST_KEY_UIApplicationSupportsIndirectInputEvents = YES;
				INFOPLIST_KEY_UILaunchScreen_Generation = YES;
				INFOPLIST_KEY_UISupportedInterfaceOrientations_iPad = "UIInterfaceOrientationPortrait UIInterfaceOrientationPortraitUpsideDown UIInterfaceOrientationLandscapeLeft UIInterfaceOrientationLandscapeRight";
				INFOPLIST_KEY_UISupportedInterfaceOrientations_iPhone = "UIInterfaceOrientationPortrait UIInterfaceOrientationLandscapeLeft UIInterfaceOrientationLandscapeRight";
				LD_RUNPATH_SEARCH_PATHS = (
					"$(inherited)",
					"@executable_path/Frameworks",
				);
				MARKETING_VERSION = 1.0;
				PRODUCT_BUNDLE_IDENTIFIER = "peteralt.alternativeIcons-Multisize";
				PRODUCT_NAME = "$(TARGET_NAME)";
				SWIFT_EMIT_LOC_STRINGS = YES;
				SWIFT_VERSION = 5.0;
				TARGETED_DEVICE_FAMILY = "1,2";
			};
			name = Release;
		};
/* End XCBuildConfiguration section */

/* Begin XCConfigurationList section */
		8A98A0F92969D52E0089442E /* Build configuration list for PBXProject "alternativeIcons-Multisize" */ = {
			isa = XCConfigurationList;
			buildConfigurations = (
				8A98A10A2969D52F0089442E /* Debug */,
				8A98A10B2969D52F0089442E /* Release */,
			);
			defaultConfigurationIsVisible = 0;
			defaultConfigurationName = Release;
		};
		8A98A10C2969D52F0089442E /* Build configuration list for PBXNativeTarget "alternativeIcons-Multisize" */ = {
			isa = XCConfigurationList;
			buildConfigurations = (
				8A98A10D2969D52F0089442E /* Debug */,
				8A98A10E2969D52F0089442E /* Release */,
			);
			defaultConfigurationIsVisible = 0;
			defaultConfigurationName = Release;
		};
/* End XCConfigurationList section */
	};
	rootObject = 8A98A0F62969D52E0089442E /* Project object */;
}
